
Microsoft Visual Studio Solution File, Format Version 12.00
# Visual Studio Version 17
VisualStudioVersion = 17.1.32407.343
MinimumVisualStudioVersion = 10.0.40219.1
Project("{FAE04EC0-301F-11D3-BF4B-00C04F79EFBC}") = "DispatcherClient", "DispatcherClient.csproj", "{E1E4EFD0-A584-4DDD-9E42-A7843AF1E5CE}"
EndProject
Project("{FAE04EC0-301F-11D3-BF4B-00C04F79EFBC}") = "AquaWaterTeleBot", "..\AquaWaterTeleBot\AquaWaterTeleBot.csproj", "{BDEFE37F-EF3A-4792-AFA7-B149F8F43F53}"
EndProject
Global
	GlobalSection(SolutionConfigurationPlatforms) = preSolution
		Debug|Any CPU = Debug|Any CPU
		Release|Any CPU = Release|Any CPU
	EndGlobalSection
	GlobalSection(ProjectConfigurationPlatforms) = postSolution
		{E1E4EFD0-A584-4DDD-9E42-A7843AF1E5CE}.Debug|Any CPU.ActiveCfg = Debug|Any CPU
		{E1E4EFD0-A584-4DDD-9E42-A7843AF1E5CE}.Debug|Any CPU.Build.0 = Debug|Any CPU
		{E1E4EFD0-A584-4DDD-9E42-A7843AF1E5CE}.Release|Any CPU.ActiveCfg = Release|Any CPU
		{E1E4EFD0-A584-4DDD-9E42-A7843AF1E5CE}.Release|Any CPU.Build.0 = Release|Any CPU
		{BDEFE37F-EF3A-4792-AFA7-B149F8F43F53}.Debug|Any CPU.ActiveCfg = Debug|Any CPU
		{BDEFE37F-EF3A-4792-AFA7-B149F8F43F53}.Debug|Any CPU.Build.0 = Debug|Any CPU
		{BDEFE37F-EF3A-4792-AFA7-B149F8F43F53}.Release|Any CPU.ActiveCfg = Release|Any CPU
		{BDEFE37F-EF3A-4792-AFA7-B149F8F43F53}.Release|Any CPU.Build.0 = Release|Any CPU
	EndGlobalSection
	GlobalSection(SolutionProperties) = preSolution
		HideSolutionNode = FALSE
	EndGlobalSection
	GlobalSection(ExtensibilityGlobals) = postSolution
		SolutionGuid = {B218093D-4ADA-47C1-96C4-0ADF4D2A3970}
	EndGlobalSection
EndGlobal
